
Microsoft Visual Studio Solution File, Format Version 12.00
# Visual Studio Version 16
VisualStudioVersion = 16.0.30104.148
MinimumVisualStudioVersion = 10.0.40219.1
Project("{9A19103F-16F7-4668-BE54-9A1E7A4F7556}") = "ApiEmerald", "ApiEmerald\ApiEmerald.csproj", "{86A6E930-C9D6-4D0A-B2F1-F7C7AC8530DD}"
EndProject
Project("{9A19103F-16F7-4668-BE54-9A1E7A4F7556}") = "ObjectLibrary", "ObjectLibrary\ObjectLibrary.csproj", "{37C9F58C-2D3E-4C72-B914-92AA62DF6056}"
EndProject
Project("{9A19103F-16F7-4668-BE54-9A1E7A4F7556}") = "DataAccessLibrary", "DataAccessLibrary\DataAccessLibrary.csproj", "{90ACB272-40A3-436A-B9BB-0215CD815877}"
EndProject
Project("{FAE04EC0-301F-11D3-BF4B-00C04F79EFBC}") = "TqcApi", "TqcApi\TqcApi.csproj", "{9A8FF1B6-37BB-4D69-BBBE-0EA092ACCBFB}"
EndProject
Global
	GlobalSection(SolutionConfigurationPlatforms) = preSolution
		Debug|Any CPU = Debug|Any CPU
		Release|Any CPU = Release|Any CPU
	EndGlobalSection
	GlobalSection(ProjectConfigurationPlatforms) = postSolution
		{86A6E930-C9D6-4D0A-B2F1-F7C7AC8530DD}.Debug|Any CPU.ActiveCfg = Debug|Any CPU
		{86A6E930-C9D6-4D0A-B2F1-F7C7AC8530DD}.Debug|Any CPU.Build.0 = Debug|Any CPU
		{86A6E930-C9D6-4D0A-B2F1-F7C7AC8530DD}.Release|Any CPU.ActiveCfg = Release|Any CPU
		{86A6E930-C9D6-4D0A-B2F1-F7C7AC8530DD}.Release|Any CPU.Build.0 = Release|Any CPU
		{37C9F58C-2D3E-4C72-B914-92AA62DF6056}.Debug|Any CPU.ActiveCfg = Debug|Any CPU
		{37C9F58C-2D3E-4C72-B914-92AA62DF6056}.Debug|Any CPU.Build.0 = Debug|Any CPU
		{37C9F58C-2D3E-4C72-B914-92AA62DF6056}.Release|Any CPU.ActiveCfg = Release|Any CPU
		{37C9F58C-2D3E-4C72-B914-92AA62DF6056}.Release|Any CPU.Build.0 = Release|Any CPU
		{90ACB272-40A3-436A-B9BB-0215CD815877}.Debug|Any CPU.ActiveCfg = Debug|Any CPU
		{90ACB272-40A3-436A-B9BB-0215CD815877}.Debug|Any CPU.Build.0 = Debug|Any CPU
		{90ACB272-40A3-436A-B9BB-0215CD815877}.Release|Any CPU.ActiveCfg = Release|Any CPU
		{90ACB272-40A3-436A-B9BB-0215CD815877}.Release|Any CPU.Build.0 = Release|Any CPU
		{9A8FF1B6-37BB-4D69-BBBE-0EA092ACCBFB}.Debug|Any CPU.ActiveCfg = Debug|Any CPU
		{9A8FF1B6-37BB-4D69-BBBE-0EA092ACCBFB}.Debug|Any CPU.Build.0 = Debug|Any CPU
		{9A8FF1B6-37BB-4D69-BBBE-0EA092ACCBFB}.Release|Any CPU.ActiveCfg = Release|Any CPU
		{9A8FF1B6-37BB-4D69-BBBE-0EA092ACCBFB}.Release|Any CPU.Build.0 = Release|Any CPU
	EndGlobalSection
	GlobalSection(SolutionProperties) = preSolution
		HideSolutionNode = FALSE
	EndGlobalSection
	GlobalSection(ExtensibilityGlobals) = postSolution
		SolutionGuid = {BBB870C9-1E19-456A-8EA4-B4B2A5D6363B}
	EndGlobalSection
EndGlobal
